
Microsoft Visual Studio Solution File, Format Version 12.00
# Visual Studio Version 17
VisualStudioVersion = 17.9.34616.47
MinimumVisualStudioVersion = 10.0.40219.1
Project("{FAE04EC0-301F-11D3-BF4B-00C04F79EFBC}") = "AngularApp.Server", "AngularApp.Server\AngularApp.Server.csproj", "{0319B11B-3742-48F2-806A-596E7ECCA7C2}"
EndProject
Project("{54A90642-561A-4BB1-A94E-469ADEE60C69}") = "angularapp.client", "angularapp.client\angularapp.client.esproj", "{616A1C49-9955-41B7-91A4-84918E0D5A02}"
EndProject
Global
	GlobalSection(SolutionConfigurationPlatforms) = preSolution
		Debug|Any CPU = Debug|Any CPU
		Release|Any CPU = Release|Any CPU
	EndGlobalSection
	GlobalSection(ProjectConfigurationPlatforms) = postSolution
		{0319B11B-3742-48F2-806A-596E7ECCA7C2}.Debug|Any CPU.ActiveCfg = Debug|Any CPU
		{0319B11B-3742-48F2-806A-596E7ECCA7C2}.Debug|Any CPU.Build.0 = Debug|Any CPU
		{0319B11B-3742-48F2-806A-596E7ECCA7C2}.Release|Any CPU.ActiveCfg = Release|Any CPU
		{0319B11B-3742-48F2-806A-596E7ECCA7C2}.Release|Any CPU.Build.0 = Release|Any CPU
		{616A1C49-9955-41B7-91A4-84918E0D5A02}.Debug|Any CPU.ActiveCfg = Debug|Any CPU
		{616A1C49-9955-41B7-91A4-84918E0D5A02}.Debug|Any CPU.Build.0 = Debug|Any CPU
		{616A1C49-9955-41B7-91A4-84918E0D5A02}.Debug|Any CPU.Deploy.0 = Debug|Any CPU
		{616A1C49-9955-41B7-91A4-84918E0D5A02}.Release|Any CPU.ActiveCfg = Release|Any CPU
		{616A1C49-9955-41B7-91A4-84918E0D5A02}.Release|Any CPU.Build.0 = Release|Any CPU
		{616A1C49-9955-41B7-91A4-84918E0D5A02}.Release|Any CPU.Deploy.0 = Release|Any CPU
	EndGlobalSection
	GlobalSection(SolutionProperties) = preSolution
		HideSolutionNode = FALSE
	EndGlobalSection
	GlobalSection(ExtensibilityGlobals) = postSolution
		SolutionGuid = {16ED6750-2685-4965-9F00-78410C2422F8}
	EndGlobalSection
EndGlobal
